
Microsoft Visual Studio Solution File, Format Version 12.00
# Visual Studio Version 17
VisualStudioVersion = 17.9.34622.214
MinimumVisualStudioVersion = 10.0.40219.1
Project("{FAE04EC0-301F-11D3-BF4B-00C04F79EFBC}") = "Poo", "Poo\Poo.csproj", "{EA8AFAA5-A62A-4002-95F1-D3AE9E3193C5}"
EndProject
Project("{FAE04EC0-301F-11D3-BF4B-00C04F79EFBC}") = "Figuras", "Figuras\Figuras.csproj", "{B20E2D6C-BCA9-464F-913A-823BE86FC72D}"
EndProject
Global
	GlobalSection(SolutionConfigurationPlatforms) = preSolution
		Debug|Any CPU = Debug|Any CPU
		Release|Any CPU = Release|Any CPU
	EndGlobalSection
	GlobalSection(ProjectConfigurationPlatforms) = postSolution
		{EA8AFAA5-A62A-4002-95F1-D3AE9E3193C5}.Debug|Any CPU.ActiveCfg = Debug|Any CPU
		{EA8AFAA5-A62A-4002-95F1-D3AE9E3193C5}.Debug|Any CPU.Build.0 = Debug|Any CPU
		{EA8AFAA5-A62A-4002-95F1-D3AE9E3193C5}.Release|Any CPU.ActiveCfg = Release|Any CPU
		{EA8AFAA5-A62A-4002-95F1-D3AE9E3193C5}.Release|Any CPU.Build.0 = Release|Any CPU
		{B20E2D6C-BCA9-464F-913A-823BE86FC72D}.Debug|Any CPU.ActiveCfg = Debug|Any CPU
		{B20E2D6C-BCA9-464F-913A-823BE86FC72D}.Debug|Any CPU.Build.0 = Debug|Any CPU
		{B20E2D6C-BCA9-464F-913A-823BE86FC72D}.Release|Any CPU.ActiveCfg = Release|Any CPU
		{B20E2D6C-BCA9-464F-913A-823BE86FC72D}.Release|Any CPU.Build.0 = Release|Any CPU
	EndGlobalSection
	GlobalSection(SolutionProperties) = preSolution
		HideSolutionNode = FALSE
	EndGlobalSection
	GlobalSection(ExtensibilityGlobals) = postSolution
		SolutionGuid = {770AC93F-0CD1-496C-B9AD-A8232F9AF6D4}
	EndGlobalSection
EndGlobal
